
Microsoft Visual Studio Solution File, Format Version 12.00
# Visual Studio Version 17
VisualStudioVersion = 17.8.34330.188
MinimumVisualStudioVersion = 10.0.40219.1
Project("{FAE04EC0-301F-11D3-BF4B-00C04F79EFBC}") = "HW11", "HW11.csproj", "{475BA20E-541E-4602-8CED-97D38EA9EA1B}"
EndProject
Global
	GlobalSection(SolutionConfigurationPlatforms) = preSolution
		Debug|Any CPU = Debug|Any CPU
		Release|Any CPU = Release|Any CPU
	EndGlobalSection
	GlobalSection(ProjectConfigurationPlatforms) = postSolution
		{475BA20E-541E-4602-8CED-97D38EA9EA1B}.Debug|Any CPU.ActiveCfg = Debug|Any CPU
		{475BA20E-541E-4602-8CED-97D38EA9EA1B}.Debug|Any CPU.Build.0 = Debug|Any CPU
		{475BA20E-541E-4602-8CED-97D38EA9EA1B}.Release|Any CPU.ActiveCfg = Release|Any CPU
		{475BA20E-541E-4602-8CED-97D38EA9EA1B}.Release|Any CPU.Build.0 = Release|Any CPU
	EndGlobalSection
	GlobalSection(SolutionProperties) = preSolution
		HideSolutionNode = FALSE
	EndGlobalSection
	GlobalSection(ExtensibilityGlobals) = postSolution
		SolutionGuid = {B0D5EB72-6DBF-479A-BB53-7E6F83970F24}
	EndGlobalSection
EndGlobal
